
Microsoft Visual Studio Solution File, Format Version 12.00
# Visual Studio Version 16
VisualStudioVersion = 16.0.30204.135
MinimumVisualStudioVersion = 10.0.40219.1
Project("{FAE04EC0-301F-11D3-BF4B-00C04F79EFBC}") = "QuestionnaireAPI", "QuestionnaireAPI.csproj", "{902FE2D1-DA32-4B00-A0B8-29B527CE3160}"
EndProject
Global
	GlobalSection(SolutionConfigurationPlatforms) = preSolution
		Debug|Any CPU = Debug|Any CPU
		Release|Any CPU = Release|Any CPU
	EndGlobalSection
	GlobalSection(ProjectConfigurationPlatforms) = postSolution
		{902FE2D1-DA32-4B00-A0B8-29B527CE3160}.Debug|Any CPU.ActiveCfg = Debug|Any CPU
		{902FE2D1-DA32-4B00-A0B8-29B527CE3160}.Debug|Any CPU.Build.0 = Debug|Any CPU
		{902FE2D1-DA32-4B00-A0B8-29B527CE3160}.Release|Any CPU.ActiveCfg = Release|Any CPU
		{902FE2D1-DA32-4B00-A0B8-29B527CE3160}.Release|Any CPU.Build.0 = Release|Any CPU
	EndGlobalSection
	GlobalSection(SolutionProperties) = preSolution
		HideSolutionNode = FALSE
	EndGlobalSection
	GlobalSection(ExtensibilityGlobals) = postSolution
		SolutionGuid = {B4A0133A-2DD0-45F5-9609-76314AC3575E}
	EndGlobalSection
EndGlobal
